
Microsoft Visual Studio Solution File, Format Version 12.00
# Visual Studio Version 16
VisualStudioVersion = 16.0.30114.105
MinimumVisualStudioVersion = 10.0.40219.1
Project("{FAE04EC0-301F-11D3-BF4B-00C04F79EFBC}") = "Olio1_Aute19SA", "Olio1_Aute19SA\Olio1_Aute19SA.csproj", "{483AD084-45FC-43A2-84CC-DBC0547A81A5}"
EndProject
Global
	GlobalSection(SolutionConfigurationPlatforms) = preSolution
		Debug|Any CPU = Debug|Any CPU
		Release|Any CPU = Release|Any CPU
	EndGlobalSection
	GlobalSection(ProjectConfigurationPlatforms) = postSolution
		{483AD084-45FC-43A2-84CC-DBC0547A81A5}.Debug|Any CPU.ActiveCfg = Debug|Any CPU
		{483AD084-45FC-43A2-84CC-DBC0547A81A5}.Debug|Any CPU.Build.0 = Debug|Any CPU
		{483AD084-45FC-43A2-84CC-DBC0547A81A5}.Release|Any CPU.ActiveCfg = Release|Any CPU
		{483AD084-45FC-43A2-84CC-DBC0547A81A5}.Release|Any CPU.Build.0 = Release|Any CPU
	EndGlobalSection
	GlobalSection(SolutionProperties) = preSolution
		HideSolutionNode = FALSE
	EndGlobalSection
	GlobalSection(ExtensibilityGlobals) = postSolution
		SolutionGuid = {4E0B69C6-D345-440D-829F-3D957444259A}
	EndGlobalSection
EndGlobal
